
Microsoft Visual Studio Solution File, Format Version 12.00
# Visual Studio Version 17
VisualStudioVersion = 17.14.36511.14 d17.14
MinimumVisualStudioVersion = 10.0.40219.1
Project("{FAE04EC0-301F-11D3-BF4B-00C04F79EFBC}") = "repasoSegundoTrim", "repasoSegundoTrim\repasoSegundoTrim.csproj", "{DFB1D7EF-425A-4BB0-B413-37A0754727B2}"
EndProject
Global
	GlobalSection(SolutionConfigurationPlatforms) = preSolution
		Debug|Any CPU = Debug|Any CPU
		Release|Any CPU = Release|Any CPU
	EndGlobalSection
	GlobalSection(ProjectConfigurationPlatforms) = postSolution
		{DFB1D7EF-425A-4BB0-B413-37A0754727B2}.Debug|Any CPU.ActiveCfg = Debug|Any CPU
		{DFB1D7EF-425A-4BB0-B413-37A0754727B2}.Debug|Any CPU.Build.0 = Debug|Any CPU
		{DFB1D7EF-425A-4BB0-B413-37A0754727B2}.Release|Any CPU.ActiveCfg = Release|Any CPU
		{DFB1D7EF-425A-4BB0-B413-37A0754727B2}.Release|Any CPU.Build.0 = Release|Any CPU
	EndGlobalSection
	GlobalSection(SolutionProperties) = preSolution
		HideSolutionNode = FALSE
	EndGlobalSection
	GlobalSection(ExtensibilityGlobals) = postSolution
		SolutionGuid = {2F0FF057-6EB7-4A2B-8C39-3BD74A88CD36}
	EndGlobalSection
EndGlobal
