
Microsoft Visual Studio Solution File, Format Version 12.00
# Visual Studio Version 17
VisualStudioVersion = 17.14.36518.9 d17.14
MinimumVisualStudioVersion = 10.0.40219.1
Project("{FAE04EC0-301F-11D3-BF4B-00C04F79EFBC}") = "2025-2025 DAM 1A ED SALAS", "2025-2025 DAM 1A ED SALAS\2025-2025 DAM 1A ED SALAS.csproj", "{95967968-051C-4AD0-803C-B2CE50B4D0B0}"
EndProject
Global
	GlobalSection(SolutionConfigurationPlatforms) = preSolution
		Debug|Any CPU = Debug|Any CPU
		Release|Any CPU = Release|Any CPU
	EndGlobalSection
	GlobalSection(ProjectConfigurationPlatforms) = postSolution
		{95967968-051C-4AD0-803C-B2CE50B4D0B0}.Debug|Any CPU.ActiveCfg = Debug|Any CPU
		{95967968-051C-4AD0-803C-B2CE50B4D0B0}.Debug|Any CPU.Build.0 = Debug|Any CPU
		{95967968-051C-4AD0-803C-B2CE50B4D0B0}.Release|Any CPU.ActiveCfg = Release|Any CPU
		{95967968-051C-4AD0-803C-B2CE50B4D0B0}.Release|Any CPU.Build.0 = Release|Any CPU
	EndGlobalSection
	GlobalSection(SolutionProperties) = preSolution
		HideSolutionNode = FALSE
	EndGlobalSection
	GlobalSection(ExtensibilityGlobals) = postSolution
		SolutionGuid = {866F10C8-3276-4B18-B69A-37A3ABE26DEA}
	EndGlobalSection
EndGlobal
